
Microsoft Visual Studio Solution File, Format Version 12.00
# Visual Studio Version 16
VisualStudioVersion = 16.0.31613.86
MinimumVisualStudioVersion = 10.0.40219.1
Project("{9A19103F-16F7-4668-BE54-9A1E7A4F7556}") = "Streamish", "Streamish\Streamish.csproj", "{B42516E6-B40A-4B9D-808D-709BE57523C0}"
EndProject
Project("{FAE04EC0-301F-11D3-BF4B-00C04F79EFBC}") = "Streamish.Tests", "Streamish.Tests\Streamish.Tests.csproj", "{02CBF4A7-8398-41A4-AD99-49E4D60138B2}"
EndProject
Global
	GlobalSection(SolutionConfigurationPlatforms) = preSolution
		Debug|Any CPU = Debug|Any CPU
		Release|Any CPU = Release|Any CPU
	EndGlobalSection
	GlobalSection(ProjectConfigurationPlatforms) = postSolution
		{B42516E6-B40A-4B9D-808D-709BE57523C0}.Debug|Any CPU.ActiveCfg = Debug|Any CPU
		{B42516E6-B40A-4B9D-808D-709BE57523C0}.Debug|Any CPU.Build.0 = Debug|Any CPU
		{B42516E6-B40A-4B9D-808D-709BE57523C0}.Release|Any CPU.ActiveCfg = Release|Any CPU
		{B42516E6-B40A-4B9D-808D-709BE57523C0}.Release|Any CPU.Build.0 = Release|Any CPU
		{02CBF4A7-8398-41A4-AD99-49E4D60138B2}.Debug|Any CPU.ActiveCfg = Debug|Any CPU
		{02CBF4A7-8398-41A4-AD99-49E4D60138B2}.Debug|Any CPU.Build.0 = Debug|Any CPU
		{02CBF4A7-8398-41A4-AD99-49E4D60138B2}.Release|Any CPU.ActiveCfg = Release|Any CPU
		{02CBF4A7-8398-41A4-AD99-49E4D60138B2}.Release|Any CPU.Build.0 = Release|Any CPU
	EndGlobalSection
	GlobalSection(SolutionProperties) = preSolution
		HideSolutionNode = FALSE
	EndGlobalSection
	GlobalSection(ExtensibilityGlobals) = postSolution
		SolutionGuid = {401BF6C0-8605-4123-8D52-873BCD61FA0B}
	EndGlobalSection
EndGlobal
